
Microsoft Visual Studio Solution File, Format Version 12.00
# Visual Studio Version 17
VisualStudioVersion = 17.8.34330.188
MinimumVisualStudioVersion = 10.0.40219.1
Project("{FAE04EC0-301F-11D3-BF4B-00C04F79EFBC}") = "WebApplication1", "WebApplication1.csproj", "{23C60593-0A04-4F96-8F6B-21051EFBB7D3}"
EndProject
Global
	GlobalSection(SolutionConfigurationPlatforms) = preSolution
		Debug|Any CPU = Debug|Any CPU
		Release|Any CPU = Release|Any CPU
	EndGlobalSection
	GlobalSection(ProjectConfigurationPlatforms) = postSolution
		{23C60593-0A04-4F96-8F6B-21051EFBB7D3}.Debug|Any CPU.ActiveCfg = Debug|Any CPU
		{23C60593-0A04-4F96-8F6B-21051EFBB7D3}.Debug|Any CPU.Build.0 = Debug|Any CPU
		{23C60593-0A04-4F96-8F6B-21051EFBB7D3}.Release|Any CPU.ActiveCfg = Release|Any CPU
		{23C60593-0A04-4F96-8F6B-21051EFBB7D3}.Release|Any CPU.Build.0 = Release|Any CPU
	EndGlobalSection
	GlobalSection(SolutionProperties) = preSolution
		HideSolutionNode = FALSE
	EndGlobalSection
	GlobalSection(ExtensibilityGlobals) = postSolution
		SolutionGuid = {92A64295-650F-45D6-AC1F-14EED20808A7}
	EndGlobalSection
EndGlobal
